<?xml version="1.0" encoding="utf-8"?>
<Project ToolsVersion="4.0" xmlns="http://schemas.microsoft.com/developer/msbuild/2003">
  <ItemGroup>
    <Filter Include="源文件">
      <UniqueIdentifier>{4FC737F1-C7A5-4376-A066-2A32D752A2FF}</UniqueIdentifier>
      <Extensions>cpp;c;cc;cxx;def;odl;idl;hpj;bat;asm;asmx</Extensions>
    </Filter>
    <Filter Include="头文件">
      <UniqueIdentifier>{93995380-89BD-4b04-88EB-625FBE52EBFB}</UniqueIdentifier>
      <Extensions>h;hh;hpp;hxx;hm;inl;inc;ipp;xsd</Extensions>
    </Filter>
    <Filter Include="资源文件">
      <UniqueIdentifier>{67DA6AB6-F800-4c08-8B7A-83BB121AAD01}</UniqueIdentifier>
      <Extensions>rc;ico;cur;bmp;dlg;rc2;rct;bin;rgs;gif;jpg;jpeg;jpe;resx;tiff;tif;png;wav;mfcribbon-ms</Extensions>
    </Filter>
    <Filter Include="通用文件">
      <UniqueIdentifier>{4a3736c9-9486-4ff9-b430-0073a46c4ee9}</UniqueIdentifier>
    </Filter>
    <Filter Include="源文件\graphic">
      <UniqueIdentifier>{9ae58f6f-bcb0-4f22-9738-ff821c987ff6}</UniqueIdentifier>
    </Filter>
    <Filter Include="头文件\graphic">
      <UniqueIdentifier>{68487f18-5d68-404c-b8fb-51e9ef0d60e5}</UniqueIdentifier>
    </Filter>
    <Filter Include="源文件\D2DLib">
      <UniqueIdentifier>{6b15c32e-0f5c-4f66-8610-4177703cf8be}</UniqueIdentifier>
    </Filter>
    <Filter Include="头文件\D2DLib">
      <UniqueIdentifier>{ccb9d3c6-b0b6-4169-8057-a82800cc5779}</UniqueIdentifier>
    </Filter>
    <Filter Include="源文件\Game">
      <UniqueIdentifier>{cee00bc9-de69-4700-a41c-3ebda59929af}</UniqueIdentifier>
    </Filter>
    <Filter Include="头文件\Game">
      <UniqueIdentifier>{c6acc1a8-c220-47ed-bea9-9d6b0f9aa34f}</UniqueIdentifier>
    </Filter>
  </ItemGroup>
  <ItemGroup>
    <ClInclude Include="resource.h">
      <Filter>头文件</Filter>
    </ClInclude>
    <ClInclude Include="src\BItmapRectangle.h">
      <Filter>头文件\graphic</Filter>
    </ClInclude>
    <ClInclude Include="src\GameCircle.h">
      <Filter>头文件\graphic</Filter>
    </ClInclude>
    <ClInclude Include="src\GameRectangle.h">
      <Filter>头文件\graphic</Filter>
    </ClInclude>
    <ClInclude Include="src\GirdBackground.h">
      <Filter>头文件\graphic</Filter>
    </ClInclude>
    <ClInclude Include="src\D2DApp.h">
      <Filter>头文件\D2DLib</Filter>
    </ClInclude>
    <ClInclude Include="src\d3dApp.h">
      <Filter>头文件\D2DLib</Filter>
    </ClInclude>
    <ClInclude Include="src\Drawable.h">
      <Filter>头文件\D2DLib</Filter>
    </ClInclude>
    <ClInclude Include="src\GameApp.h">
      <Filter>头文件\D2DLib</Filter>
    </ClInclude>
    <ClInclude Include="src\GameTimer.h">
      <Filter>头文件\D2DLib</Filter>
    </ClInclude>
    <ClInclude Include="src\GameController.h">
      <Filter>头文件\Game</Filter>
    </ClInclude>
    <ClInclude Include="src\Keyboard.h">
      <Filter>通用文件</Filter>
    </ClInclude>
    <ClInclude Include="src\Mouse.h">
      <Filter>通用文件</Filter>
    </ClInclude>
    <ClInclude Include="src\StrokeRoundedRectangle.h">
      <Filter>头文件\graphic</Filter>
    </ClInclude>
    <ClInclude Include="src\StrokeRectangle.h">
      <Filter>头文件\graphic</Filter>
    </ClInclude>
    <ClInclude Include="src\RoundedRectangle.h">
      <Filter>头文件\graphic</Filter>
    </ClInclude>
    <ClInclude Include="src\GameLine.h">
      <Filter>头文件\graphic</Filter>
    </ClInclude>
    <ClInclude Include="src\GameText.h">
      <Filter>头文件\graphic</Filter>
    </ClInclude>
    <ClInclude Include="src\SoundAdapter.h">
      <Filter>头文件\D2DLib</Filter>
    </ClInclude>
    <ClInclude Include="GameSound.h">
      <Filter>头文件</Filter>
    </ClInclude>
    <ClInclude Include="src\GameSound.h">
      <Filter>头文件\D2DLib</Filter>
    </ClInclude>
  </ItemGroup>
  <ItemGroup>
    <ClCompile Include="src\BItmapRectangle.cpp">
      <Filter>源文件\graphic</Filter>
    </ClCompile>
    <ClCompile Include="src\GameCircle.cpp">
      <Filter>源文件\graphic</Filter>
    </ClCompile>
    <ClCompile Include="src\GameRectangle.cpp">
      <Filter>源文件\graphic</Filter>
    </ClCompile>
    <ClCompile Include="src\GirdBackground.cpp">
      <Filter>源文件\graphic</Filter>
    </ClCompile>
    <ClCompile Include="src\D2DApp.cpp">
      <Filter>源文件\D2DLib</Filter>
    </ClCompile>
    <ClCompile Include="src\d3dApp.cpp">
      <Filter>源文件\D2DLib</Filter>
    </ClCompile>
    <ClCompile Include="src\GameApp.cpp">
      <Filter>源文件\D2DLib</Filter>
    </ClCompile>
    <ClCompile Include="src\GameTimer.cpp">
      <Filter>源文件\D2DLib</Filter>
    </ClCompile>
    <ClCompile Include="src\GameController.cpp">
      <Filter>源文件\Game</Filter>
    </ClCompile>
    <ClCompile Include="src\Main.cpp">
      <Filter>源文件</Filter>
    </ClCompile>
    <ClCompile Include="src\Keyboard.cpp">
      <Filter>通用文件</Filter>
    </ClCompile>
    <ClCompile Include="src\Mouse.cpp">
      <Filter>通用文件</Filter>
    </ClCompile>
    <ClCompile Include="src\StrokeRectangle.cpp">
      <Filter>源文件\graphic</Filter>
    </ClCompile>
    <ClCompile Include="src\StrokeRoundedRectangle.cpp">
      <Filter>源文件\graphic</Filter>
    </ClCompile>
    <ClCompile Include="src\RoundedRectangle.cpp">
      <Filter>源文件\graphic</Filter>
    </ClCompile>
    <ClCompile Include="src\GameLine.cpp">
      <Filter>源文件\graphic</Filter>
    </ClCompile>
    <ClCompile Include="src\GameText.cpp">
      <Filter>源文件\graphic</Filter>
    </ClCompile>
    <ClCompile Include="src\SoundAdapter.cpp">
      <Filter>源文件\D2DLib</Filter>
    </ClCompile>
    <ClCompile Include="src\GameSound.cpp">
      <Filter>源文件\D2DLib</Filter>
    </ClCompile>
  </ItemGroup>
  <ItemGroup>
    <Image Include="resources\category.png">
      <Filter>资源文件</Filter>
    </Image>
  </ItemGroup>
  <ItemGroup>
    <ResourceCompile Include="DirextX2DDemo.rc">
      <Filter>资源文件</Filter>
    </ResourceCompile>
  </ItemGroup>
</Project>